
Microsoft Visual Studio Solution File, Format Version 12.00
# Visual Studio Version 16
VisualStudioVersion = 16.0.28714.193
MinimumVisualStudioVersion = 10.0.40219.1
Project("{9A19103F-16F7-4668-BE54-9A1E7A4F7556}") = "AspNetCoreDemo", "AspNetCoreDemo\AspNetCoreDemo.csproj", "{4F045949-B932-4E25-967D-496A5268D0E3}"
EndProject
Project("{9A19103F-16F7-4668-BE54-9A1E7A4F7556}") = "AspNetCoreDemo.WorkerService", "AspNetCoreDemo.WorkerService\AspNetCoreDemo.WorkerService.csproj", "{68E4CC16-1665-4811-8D2A-D133F9E94413}"
EndProject
Project("{FAE04EC0-301F-11D3-BF4B-00C04F79EFBC}") = "AspNetCoreDemo.Console", "AspNetCoreDemo.Console\AspNetCoreDemo.Console.csproj", "{79644BAE-E619-446A-AD6F-576F9ADF1820}"
EndProject
Global
	GlobalSection(SolutionConfigurationPlatforms) = preSolution
		Debug|Any CPU = Debug|Any CPU
		Release|Any CPU = Release|Any CPU
	EndGlobalSection
	GlobalSection(ProjectConfigurationPlatforms) = postSolution
		{4F045949-B932-4E25-967D-496A5268D0E3}.Debug|Any CPU.ActiveCfg = Debug|Any CPU
		{4F045949-B932-4E25-967D-496A5268D0E3}.Debug|Any CPU.Build.0 = Debug|Any CPU
		{4F045949-B932-4E25-967D-496A5268D0E3}.Release|Any CPU.ActiveCfg = Release|Any CPU
		{4F045949-B932-4E25-967D-496A5268D0E3}.Release|Any CPU.Build.0 = Release|Any CPU
		{68E4CC16-1665-4811-8D2A-D133F9E94413}.Debug|Any CPU.ActiveCfg = Debug|Any CPU
		{68E4CC16-1665-4811-8D2A-D133F9E94413}.Debug|Any CPU.Build.0 = Debug|Any CPU
		{68E4CC16-1665-4811-8D2A-D133F9E94413}.Release|Any CPU.ActiveCfg = Release|Any CPU
		{68E4CC16-1665-4811-8D2A-D133F9E94413}.Release|Any CPU.Build.0 = Release|Any CPU
		{79644BAE-E619-446A-AD6F-576F9ADF1820}.Debug|Any CPU.ActiveCfg = Debug|Any CPU
		{79644BAE-E619-446A-AD6F-576F9ADF1820}.Debug|Any CPU.Build.0 = Debug|Any CPU
		{79644BAE-E619-446A-AD6F-576F9ADF1820}.Release|Any CPU.ActiveCfg = Release|Any CPU
		{79644BAE-E619-446A-AD6F-576F9ADF1820}.Release|Any CPU.Build.0 = Release|Any CPU
	EndGlobalSection
	GlobalSection(SolutionProperties) = preSolution
		HideSolutionNode = FALSE
	EndGlobalSection
	GlobalSection(ExtensibilityGlobals) = postSolution
		SolutionGuid = {CFABF31C-461C-41F0-BF1F-C2AF86B2EB87}
	EndGlobalSection
EndGlobal
